
Microsoft Visual Studio Solution File, Format Version 12.00
# Visual Studio Version 16
VisualStudioVersion = 16.0.30621.155
MinimumVisualStudioVersion = 10.0.40219.1
Project("{FAE04EC0-301F-11D3-BF4B-00C04F79EFBC}") = "Circle_Chart", "Circle_Chart.csproj", "{BA950047-1AB1-4E26-A585-1529B6F716A0}"
EndProject
Global
	GlobalSection(SolutionConfigurationPlatforms) = preSolution
		Debug|Any CPU = Debug|Any CPU
		Release|Any CPU = Release|Any CPU
	EndGlobalSection
	GlobalSection(ProjectConfigurationPlatforms) = postSolution
		{BA950047-1AB1-4E26-A585-1529B6F716A0}.Debug|Any CPU.ActiveCfg = Debug|Any CPU
		{BA950047-1AB1-4E26-A585-1529B6F716A0}.Debug|Any CPU.Build.0 = Debug|Any CPU
		{BA950047-1AB1-4E26-A585-1529B6F716A0}.Release|Any CPU.ActiveCfg = Release|Any CPU
		{BA950047-1AB1-4E26-A585-1529B6F716A0}.Release|Any CPU.Build.0 = Release|Any CPU
	EndGlobalSection
	GlobalSection(SolutionProperties) = preSolution
		HideSolutionNode = FALSE
	EndGlobalSection
	GlobalSection(ExtensibilityGlobals) = postSolution
		SolutionGuid = {41ED4A6B-60DF-4897-B5D3-861AFC0BEA73}
	EndGlobalSection
EndGlobal
